namespace: https://github.com/umajho
name: bangumi-episode-ratings-gadget
match:
  - https://bangumi.tv/*
  - https://bgm.tv/*
  - https://chii.in/*
# see:
# - https://wiki.greasespot.net/@grant
# - https://www.tampermonkey.net/documentation.php?locale=en#meta:grant
# - https://violentmonkey.github.io/api/metadata-block/#grant
grant:
  - GM_info
  - unsafeWindow
  - window.close
  # - window.focus
  # - window.onurlchange

