lockfileVersion: '9.0'

settings:
  autoInstallPeers: true
  excludeLinksFromLockfile: false

importers:

  .:
    devDependencies:
      '@types/jquery':
        specifier: ^3.5.30
        version: 3.5.30
      '@types/node':
        specifier: ^22.5.0
        version: 22.5.0
      rolldown:
        specifier: ^0.13.2
        version: 0.13.2
      rollup-plugin-dotenv:
        specifier: ^0.5.1
        version: 0.5.1(rollup@4.21.0)
      rollup-plugin-userscript-metablock:
        specifier: ^0.4.2
        version: 0.4.2
      typescript:
        specifier: ^5.5.3
        version: 5.5.4
      vite:
        specifier: ^5.4.1
        version: 5.4.2(@types/node@22.5.0)
      vite-userscript-plugin:
        specifier: ^1.10.0
        version: 1.10.0(vite@5.4.2(@types/node@22.5.0))

packages:

  '@emnapi/core@1.2.0':
    resolution: {integrity: sha512-E7Vgw78I93we4ZWdYCb4DGAwRROGkMIXk7/y87UmANR+J6qsWusmC3gLt0H+O0KOt5e6O38U8oJamgbudrES/w==}

  '@emnapi/runtime@1.2.0':
    resolution: {integrity: sha512-bV21/9LQmcQeCPEg3BDFtvwL6cwiTMksYNWQQ4KOxCZikEGalWtenoZ0wCiukJINlGCIi2KXx01g4FoH/LxpzQ==}

  '@emnapi/wasi-threads@1.0.1':
    resolution: {integrity: sha512-iIBu7mwkq4UQGeMEM8bLwNK962nXdhodeScX4slfQnRhEMMzvYivHhutCIk8uojvmASXXPC2WNEjwxFWk72Oqw==}

  '@esbuild/aix-ppc64@0.21.5':
    resolution: {integrity: sha512-1SDgH6ZSPTlggy1yI6+Dbkiz8xzpHJEVAlF/AM1tHPLsf5STom9rwtjE4hKAF20FfXXNTFqEYXyJNWh1GiZedQ==}
    engines: {node: '>=12'}
    cpu: [ppc64]
    os: [aix]

  '@esbuild/android-arm64@0.21.5':
    resolution: {integrity: sha512-c0uX9VAUBQ7dTDCjq+wdyGLowMdtR/GoC2U5IYk/7D1H1JYC0qseD7+11iMP2mRLN9RcCMRcjC4YMclCzGwS/A==}
    engines: {node: '>=12'}
    cpu: [arm64]
    os: [android]

  '@esbuild/android-arm@0.21.5':
    resolution: {integrity: sha512-vCPvzSjpPHEi1siZdlvAlsPxXl7WbOVUBBAowWug4rJHb68Ox8KualB+1ocNvT5fjv6wpkX6o/iEpbDrf68zcg==}
    engines: {node: '>=12'}
    cpu: [arm]
    os: [android]

  '@esbuild/android-x64@0.21.5':
    resolution: {integrity: sha512-D7aPRUUNHRBwHxzxRvp856rjUHRFW1SdQATKXH2hqA0kAZb1hKmi02OpYRacl0TxIGz/ZmXWlbZgjwWYaCakTA==}
    engines: {node: '>=12'}
    cpu: [x64]
    os: [android]

  '@esbuild/darwin-arm64@0.21.5':
    resolution: {integrity: sha512-DwqXqZyuk5AiWWf3UfLiRDJ5EDd49zg6O9wclZ7kUMv2WRFr4HKjXp/5t8JZ11QbQfUS6/cRCKGwYhtNAY88kQ==}
    engines: {node: '>=12'}
    cpu: [arm64]
    os: [darwin]

  '@esbuild/darwin-x64@0.21.5':
    resolution: {integrity: sha512-se/JjF8NlmKVG4kNIuyWMV/22ZaerB+qaSi5MdrXtd6R08kvs2qCN4C09miupktDitvh8jRFflwGFBQcxZRjbw==}
    engines: {node: '>=12'}
    cpu: [x64]
    os: [darwin]

  '@esbuild/freebsd-arm64@0.21.5':
    resolution: {integrity: sha512-5JcRxxRDUJLX8JXp/wcBCy3pENnCgBR9bN6JsY4OmhfUtIHe3ZW0mawA7+RDAcMLrMIZaf03NlQiX9DGyB8h4g==}
    engines: {node: '>=12'}
    cpu: [arm64]
    os: [freebsd]

  '@esbuild/freebsd-x64@0.21.5':
    resolution: {integrity: sha512-J95kNBj1zkbMXtHVH29bBriQygMXqoVQOQYA+ISs0/2l3T9/kj42ow2mpqerRBxDJnmkUDCaQT/dfNXWX/ZZCQ==}
    engines: {node: '>=12'}
    cpu: [x64]
    os: [freebsd]

  '@esbuild/linux-arm64@0.21.5':
    resolution: {integrity: sha512-ibKvmyYzKsBeX8d8I7MH/TMfWDXBF3db4qM6sy+7re0YXya+K1cem3on9XgdT2EQGMu4hQyZhan7TeQ8XkGp4Q==}
    engines: {node: '>=12'}
    cpu: [arm64]
    os: [linux]

  '@esbuild/linux-arm@0.21.5':
    resolution: {integrity: sha512-bPb5AHZtbeNGjCKVZ9UGqGwo8EUu4cLq68E95A53KlxAPRmUyYv2D6F0uUI65XisGOL1hBP5mTronbgo+0bFcA==}
    engines: {node: '>=12'}
    cpu: [arm]
    os: [linux]

  '@esbuild/linux-ia32@0.21.5':
    resolution: {integrity: sha512-YvjXDqLRqPDl2dvRODYmmhz4rPeVKYvppfGYKSNGdyZkA01046pLWyRKKI3ax8fbJoK5QbxblURkwK/MWY18Tg==}
    engines: {node: '>=12'}
    cpu: [ia32]
    os: [linux]

  '@esbuild/linux-loong64@0.21.5':
    resolution: {integrity: sha512-uHf1BmMG8qEvzdrzAqg2SIG/02+4/DHB6a9Kbya0XDvwDEKCoC8ZRWI5JJvNdUjtciBGFQ5PuBlpEOXQj+JQSg==}
    engines: {node: '>=12'}
    cpu: [loong64]
    os: [linux]

  '@esbuild/linux-mips64el@0.21.5':
    resolution: {integrity: sha512-IajOmO+KJK23bj52dFSNCMsz1QP1DqM6cwLUv3W1QwyxkyIWecfafnI555fvSGqEKwjMXVLokcV5ygHW5b3Jbg==}
    engines: {node: '>=12'}
    cpu: [mips64el]
    os: [linux]

  '@esbuild/linux-ppc64@0.21.5':
    resolution: {integrity: sha512-1hHV/Z4OEfMwpLO8rp7CvlhBDnjsC3CttJXIhBi+5Aj5r+MBvy4egg7wCbe//hSsT+RvDAG7s81tAvpL2XAE4w==}
    engines: {node: '>=12'}
    cpu: [ppc64]
    os: [linux]

  '@esbuild/linux-riscv64@0.21.5':
    resolution: {integrity: sha512-2HdXDMd9GMgTGrPWnJzP2ALSokE/0O5HhTUvWIbD3YdjME8JwvSCnNGBnTThKGEB91OZhzrJ4qIIxk/SBmyDDA==}
    engines: {node: '>=12'}
    cpu: [riscv64]
    os: [linux]

  '@esbuild/linux-s390x@0.21.5':
    resolution: {integrity: sha512-zus5sxzqBJD3eXxwvjN1yQkRepANgxE9lgOW2qLnmr8ikMTphkjgXu1HR01K4FJg8h1kEEDAqDcZQtbrRnB41A==}
    engines: {node: '>=12'}
    cpu: [s390x]
    os: [linux]

  '@esbuild/linux-x64@0.21.5':
    resolution: {integrity: sha512-1rYdTpyv03iycF1+BhzrzQJCdOuAOtaqHTWJZCWvijKD2N5Xu0TtVC8/+1faWqcP9iBCWOmjmhoH94dH82BxPQ==}
    engines: {node: '>=12'}
    cpu: [x64]
    os: [linux]

  '@esbuild/netbsd-x64@0.21.5':
    resolution: {integrity: sha512-Woi2MXzXjMULccIwMnLciyZH4nCIMpWQAs049KEeMvOcNADVxo0UBIQPfSmxB3CWKedngg7sWZdLvLczpe0tLg==}
    engines: {node: '>=12'}
    cpu: [x64]
    os: [netbsd]

  '@esbuild/openbsd-x64@0.21.5':
    resolution: {integrity: sha512-HLNNw99xsvx12lFBUwoT8EVCsSvRNDVxNpjZ7bPn947b8gJPzeHWyNVhFsaerc0n3TsbOINvRP2byTZ5LKezow==}
    engines: {node: '>=12'}
    cpu: [x64]
    os: [openbsd]

  '@esbuild/sunos-x64@0.21.5':
    resolution: {integrity: sha512-6+gjmFpfy0BHU5Tpptkuh8+uw3mnrvgs+dSPQXQOv3ekbordwnzTVEb4qnIvQcYXq6gzkyTnoZ9dZG+D4garKg==}
    engines: {node: '>=12'}
    cpu: [x64]
    os: [sunos]

  '@esbuild/win32-arm64@0.21.5':
    resolution: {integrity: sha512-Z0gOTd75VvXqyq7nsl93zwahcTROgqvuAcYDUr+vOv8uHhNSKROyU961kgtCD1e95IqPKSQKH7tBTslnS3tA8A==}
    engines: {node: '>=12'}
    cpu: [arm64]
    os: [win32]

  '@esbuild/win32-ia32@0.21.5':
    resolution: {integrity: sha512-SWXFF1CL2RVNMaVs+BBClwtfZSvDgtL//G/smwAc5oVK/UPu2Gu9tIaRgFmYFFKrmg3SyAjSrElf0TiJ1v8fYA==}
    engines: {node: '>=12'}
    cpu: [ia32]
    os: [win32]

  '@esbuild/win32-x64@0.21.5':
    resolution: {integrity: sha512-tQd/1efJuzPC6rCFwEvLtci/xNFcTZknmXs98FYDfGE4wP9ClFV98nyKrzJKVPMhdDnjzLhdUyMX4PsQAPjwIw==}
    engines: {node: '>=12'}
    cpu: [x64]
    os: [win32]

  '@jridgewell/sourcemap-codec@1.5.0':
    resolution: {integrity: sha512-gv3ZRaISU3fjPAgNsriBRqGWQL6quFx04YMPW/zD8XMLsU32mhCCbfbO6KZFLjvYpCZ8zyDEgqsgf+PwPaM7GQ==}

  '@napi-rs/wasm-runtime@0.2.4':
    resolution: {integrity: sha512-9zESzOO5aDByvhIAsOy9TbpZ0Ur2AJbUI7UT73kcUTS2mxAMHOBaa1st/jAymNoCtvrit99kkzT1FZuXVcgfIQ==}

  '@rolldown/binding-darwin-arm64@0.13.2':
    resolution: {integrity: sha512-84C2ITL3AmuCZmBSrRy6Z38pwBGQqHIhCp5gVGIP7U20tUVJMFj2g8gt608e9kltkRxw4PM3vSujRAoN5PsGuA==}
    cpu: [arm64]
    os: [darwin]

  '@rolldown/binding-darwin-x64@0.13.2':
    resolution: {integrity: sha512-h1zv1C+RJ8xzlohUNdbtXayh3/fcxsp7RjeahfPDM/FEtFCmuM7WZBiAuF0TklKYqgs2YwGl8iA3gpnGuhzgFg==}
    cpu: [x64]
    os: [darwin]

  '@rolldown/binding-freebsd-x64@0.13.2':
    resolution: {integrity: sha512-VGBwYe/fgnIG7SWXPr6VOTPrr5d0fjYCoqM/abhUt729L3nlSaAaJOmcOvOg40KcrSJIEGgt+R0DcGNKuJ0kwA==}
    cpu: [x64]
    os: [freebsd]

  '@rolldown/binding-linux-arm-gnueabihf@0.13.2':
    resolution: {integrity: sha512-thIyywEvUlEgRlG6s0GBH04eFGKsHl59HTsL6nlILbeafizuPOw2oY+jf1NZ117ju083W5Uo6htqxKBzBeOUpg==}
    cpu: [arm]
    os: [linux]

  '@rolldown/binding-linux-arm64-gnu@0.13.2':
    resolution: {integrity: sha512-wTg4GKHFTcjlY+5jLycweIm95ttfQj3BFNxY28Y3uIaIxonF6hwFw15yz4MyhCqL0S3DV9wRcgxZemdykil+eA==}
    cpu: [arm64]
    os: [linux]

  '@rolldown/binding-linux-arm64-musl@0.13.2':
    resolution: {integrity: sha512-9g180TIoU8U/CBbL8Ci6duuO6cvAL9misrJV5ng1G2QD7XNVrp9FG+mXbbmPuJSCz4ZjXDlM3RnpOwhmBuc+HQ==}
    cpu: [arm64]
    os: [linux]

  '@rolldown/binding-linux-x64-gnu@0.13.2':
    resolution: {integrity: sha512-cmXSW6lNCq7lmggGZFucezfDqCC3XkMnzCuM6uYJMX11PU6/HS0xRTL7FjAQAwtUNyhI5/OgOv5KSqfQhHodsQ==}
    cpu: [x64]
    os: [linux]

  '@rolldown/binding-linux-x64-musl@0.13.2':
    resolution: {integrity: sha512-Y157t4Vjyo253GbjdjMHcJfeaVhcLFZ49qcWkdjRx65rzggKyXVx1C8NFX0ER1Fyse/ZP60bhOvhlq5+R1wxnA==}
    cpu: [x64]
    os: [linux]

  '@rolldown/binding-wasm32-wasi@0.13.2':
    resolution: {integrity: sha512-o3vLuYsBYcNjkPQcgzValjeQILeuZ0YdzimHXABaCliGKHLVRcZv/yH3WDQ9SSBf7lK6cYSzHSInlcYqETqxWg==}
    engines: {node: '>=14.21.3'}
    cpu: [wasm32]

  '@rolldown/binding-win32-arm64-msvc@0.13.2':
    resolution: {integrity: sha512-Czx5vzeFKOmW9AbPirP3kEJ390P9esiRhkHotVtfiPeRPz3gh6pKUiMxbeZqyvxB+3cDzbPftMtGIH9D/DylBA==}
    cpu: [arm64]
    os: [win32]

  '@rolldown/binding-win32-ia32-msvc@0.13.2':
    resolution: {integrity: sha512-2cHEcOnHMhsTp+7eMsTcqypr+Wt82HFEuhfwyxSI1TOGHOwqYMPis842qGhRjg2/y0jD9WYTNflnSTWAYBrVDQ==}
    cpu: [ia32]
    os: [win32]

  '@rolldown/binding-win32-x64-msvc@0.13.2':
    resolution: {integrity: sha512-P6Sd579+ZGEZaF05XHKE6RdPe27YlrEa1FeujcI9job+xtq3hpJ/ebKTYPqcEMt05ssR5Ervmbz5SHsrOes1wQ==}
    cpu: [x64]
    os: [win32]

  '@rollup/plugin-replace@5.0.7':
    resolution: {integrity: sha512-PqxSfuorkHz/SPpyngLyg5GCEkOcee9M1bkxiVDr41Pd61mqP1PLOoDPbpl44SB2mQGKwV/In74gqQmGITOhEQ==}
    engines: {node: '>=14.0.0'}
    peerDependencies:
      rollup: ^1.20.0||^2.0.0||^3.0.0||^4.0.0
    peerDependenciesMeta:
      rollup:
        optional: true

  '@rollup/pluginutils@5.1.2':
    resolution: {integrity: sha512-/FIdS3PyZ39bjZlwqFnWqCOVnW7o963LtKMwQOD0NhQqw22gSr2YY1afu3FxRip4ZCZNsD5jq6Aaz6QV3D/Njw==}
    engines: {node: '>=14.0.0'}
    peerDependencies:
      rollup: ^1.20.0||^2.0.0||^3.0.0||^4.0.0
    peerDependenciesMeta:
      rollup:
        optional: true

  '@rollup/rollup-android-arm-eabi@4.21.0':
    resolution: {integrity: sha512-WTWD8PfoSAJ+qL87lE7votj3syLavxunWhzCnx3XFxFiI/BA/r3X7MUM8dVrH8rb2r4AiO8jJsr3ZjdaftmnfA==}
    cpu: [arm]
    os: [android]

  '@rollup/rollup-android-arm64@4.21.0':
    resolution: {integrity: sha512-a1sR2zSK1B4eYkiZu17ZUZhmUQcKjk2/j9Me2IDjk1GHW7LB5Z35LEzj9iJch6gtUfsnvZs1ZNyDW2oZSThrkA==}
    cpu: [arm64]
    os: [android]

  '@rollup/rollup-darwin-arm64@4.21.0':
    resolution: {integrity: sha512-zOnKWLgDld/svhKO5PD9ozmL6roy5OQ5T4ThvdYZLpiOhEGY+dp2NwUmxK0Ld91LrbjrvtNAE0ERBwjqhZTRAA==}
    cpu: [arm64]
    os: [darwin]

  '@rollup/rollup-darwin-x64@4.21.0':
    resolution: {integrity: sha512-7doS8br0xAkg48SKE2QNtMSFPFUlRdw9+votl27MvT46vo44ATBmdZdGysOevNELmZlfd+NEa0UYOA8f01WSrg==}
    cpu: [x64]
    os: [darwin]

  '@rollup/rollup-linux-arm-gnueabihf@4.21.0':
    resolution: {integrity: sha512-pWJsfQjNWNGsoCq53KjMtwdJDmh/6NubwQcz52aEwLEuvx08bzcy6tOUuawAOncPnxz/3siRtd8hiQ32G1y8VA==}
    cpu: [arm]
    os: [linux]

  '@rollup/rollup-linux-arm-musleabihf@4.21.0':
    resolution: {integrity: sha512-efRIANsz3UHZrnZXuEvxS9LoCOWMGD1rweciD6uJQIx2myN3a8Im1FafZBzh7zk1RJ6oKcR16dU3UPldaKd83w==}
    cpu: [arm]
    os: [linux]

  '@rollup/rollup-linux-arm64-gnu@4.21.0':
    resolution: {integrity: sha512-ZrPhydkTVhyeGTW94WJ8pnl1uroqVHM3j3hjdquwAcWnmivjAwOYjTEAuEDeJvGX7xv3Z9GAvrBkEzCgHq9U1w==}
    cpu: [arm64]
    os: [linux]

  '@rollup/rollup-linux-arm64-musl@4.21.0':
    resolution: {integrity: sha512-cfaupqd+UEFeURmqNP2eEvXqgbSox/LHOyN9/d2pSdV8xTrjdg3NgOFJCtc1vQ/jEke1qD0IejbBfxleBPHnPw==}
    cpu: [arm64]
    os: [linux]

  '@rollup/rollup-linux-powerpc64le-gnu@4.21.0':
    resolution: {integrity: sha512-ZKPan1/RvAhrUylwBXC9t7B2hXdpb/ufeu22pG2psV7RN8roOfGurEghw1ySmX/CmDDHNTDDjY3lo9hRlgtaHg==}
    cpu: [ppc64]
    os: [linux]

  '@rollup/rollup-linux-riscv64-gnu@4.21.0':
    resolution: {integrity: sha512-H1eRaCwd5E8eS8leiS+o/NqMdljkcb1d6r2h4fKSsCXQilLKArq6WS7XBLDu80Yz+nMqHVFDquwcVrQmGr28rg==}
    cpu: [riscv64]
    os: [linux]

  '@rollup/rollup-linux-s390x-gnu@4.21.0':
    resolution: {integrity: sha512-zJ4hA+3b5tu8u7L58CCSI0A9N1vkfwPhWd/puGXwtZlsB5bTkwDNW/+JCU84+3QYmKpLi+XvHdmrlwUwDA6kqw==}
    cpu: [s390x]
    os: [linux]

  '@rollup/rollup-linux-x64-gnu@4.21.0':
    resolution: {integrity: sha512-e2hrvElFIh6kW/UNBQK/kzqMNY5mO+67YtEh9OA65RM5IJXYTWiXjX6fjIiPaqOkBthYF1EqgiZ6OXKcQsM0hg==}
    cpu: [x64]
    os: [linux]

  '@rollup/rollup-linux-x64-musl@4.21.0':
    resolution: {integrity: sha512-1vvmgDdUSebVGXWX2lIcgRebqfQSff0hMEkLJyakQ9JQUbLDkEaMsPTLOmyccyC6IJ/l3FZuJbmrBw/u0A0uCQ==}
    cpu: [x64]
    os: [linux]

  '@rollup/rollup-win32-arm64-msvc@4.21.0':
    resolution: {integrity: sha512-s5oFkZ/hFcrlAyBTONFY1TWndfyre1wOMwU+6KCpm/iatybvrRgmZVM+vCFwxmC5ZhdlgfE0N4XorsDpi7/4XQ==}
    cpu: [arm64]
    os: [win32]

  '@rollup/rollup-win32-ia32-msvc@4.21.0':
    resolution: {integrity: sha512-G9+TEqRnAA6nbpqyUqgTiopmnfgnMkR3kMukFBDsiyy23LZvUCpiUwjTRx6ezYCjJODXrh52rBR9oXvm+Fp5wg==}
    cpu: [ia32]
    os: [win32]

  '@rollup/rollup-win32-x64-msvc@4.21.0':
    resolution: {integrity: sha512-2jsCDZwtQvRhejHLfZ1JY6w6kEuEtfF9nzYsZxzSlNVKDX+DpsDJ+Rbjkm74nvg2rdx0gwBS+IMdvwJuq3S9pQ==}
    cpu: [x64]
    os: [win32]

  '@tybys/wasm-util@0.9.0':
    resolution: {integrity: sha512-6+7nlbMVX/PVDCwaIQ8nTOPveOcFLSt8GcXdx8hD0bt39uWxYT88uXzqTd4fTvqta7oeUJqudepapKNt2DYJFw==}

  '@types/estree@1.0.5':
    resolution: {integrity: sha512-/kYRxGDLWzHOB7q+wtSUQlFrtcdUccpfy+X+9iMBpHK8QLLhx2wIPYuS5DYtR9Wa/YlZAbIovy7qVdB1Aq6Lyw==}

  '@types/jquery@3.5.30':
    resolution: {integrity: sha512-nbWKkkyb919DOUxjmRVk8vwtDb0/k8FKncmUKFi+NY+QXqWltooxTrswvz4LspQwxvLdvzBN1TImr6cw3aQx2A==}

  '@types/node@22.5.0':
    resolution: {integrity: sha512-DkFrJOe+rfdHTqqMg0bSNlGlQ85hSoh2TPzZyhHsXnMtligRWpxUySiyw8FY14ITt24HVCiQPWxS3KO/QlGmWg==}

  '@types/sizzle@2.3.8':
    resolution: {integrity: sha512-0vWLNK2D5MT9dg0iOo8GlKguPAU02QjmZitPEsXRuJXU/OGIOt9vT9Fc26wtYuavLxtO45v9PGleoL9Z0k1LHg==}

  argparse@2.0.1:
    resolution: {integrity: sha512-8+9WqebbFzpX9OR+Wa6O29asIogeRMzcGtAINdpMHHyAg10f05aSFVBbcEqGf/PXw1EjAZ+q2/bEBg3DvurK3Q==}

  balanced-match@1.0.2:
    resolution: {integrity: sha512-3oSeUO0TMV67hN1AmbXsK4yaqU7tjiHlbxRDZOpH0KW9+CeX4bRAaX0Anxt0tx2MrpRpWwQaPwIlISEJhYU5Pw==}

  big-integer@1.6.52:
    resolution: {integrity: sha512-QxD8cf2eVqJOOz63z6JIN9BzvVs/dlySa5HGSBH5xtR8dPteIRQnBxxKqkNTiT6jbDTF6jAfrd4oMcND9RGbQg==}
    engines: {node: '>=0.6'}

  bplist-parser@0.2.0:
    resolution: {integrity: sha512-z0M+byMThzQmD9NILRniCUXYsYpjwnlO8N5uCFaCqIOpqRsJCrQL9NK3JsD67CN5a08nF5oIL2bD6loTdHOuKw==}
    engines: {node: '>= 5.10.0'}

  brace-expansion@1.1.11:
    resolution: {integrity: sha512-iCuPHDFgrHX7H2vEI/5xpz07zSHB00TpugqhmYtVmMO6518mCuRMoOYFldEBl0g187ufozdaHgWKcYFb61qGiA==}

  bufferutil@4.0.8:
    resolution: {integrity: sha512-4T53u4PdgsXqKaIctwF8ifXlRTTmEPJ8iEPWFdGZvcf7sbwYo6FKFEX9eNNAnzFZ7EzJAQ3CJeOtCRA4rDp7Pw==}
    engines: {node: '>=6.14.2'}

  bundle-name@3.0.0:
    resolution: {integrity: sha512-PKA4BeSvBpQKQ8iPOGCSiell+N8P+Tf1DlwqmYhpe2gAhKPHn8EYOxVT+ShuGmhg8lN8XiSlS80yiExKXrURlw==}
    engines: {node: '>=12'}

  bytes@3.0.0:
    resolution: {integrity: sha512-pMhOfFDPiv9t5jjIXkHosWmkSyQbvsgEVNkz0ERHbuLh2T/7j4Mqqpz523Fe8MVY89KC6Sh/QfS2sM+SjgFDcw==}
    engines: {node: '>= 0.8'}

  chalk@5.3.0:
    resolution: {integrity: sha512-dLitG79d+GV1Nb/VYcCDFivJeK1hiukt9QjRNVOsUtTy1rR1YJsmpGGTZ3qJos+uw7WmWF4wUwBd9jxjocFC2w==}
    engines: {node: ^12.17.0 || ^14.13 || >=16.0.0}

  concat-map@0.0.1:
    resolution: {integrity: sha512-/Srv4dswyQNBfohGpz9o6Yb3Gz3SrUDqBH5rTuhGR7ahtlbYKnVxw2bCFMRljaA7EXHaXZ8wsHdodFvbkhKmqg==}

  content-disposition@0.5.2:
    resolution: {integrity: sha512-kRGRZw3bLlFISDBgwTSA1TMBFN6J6GWDeubmDE3AF+3+yXL8hTWv8r5rkLbqYXY4RjPk/EzHnClI3zQf1cFmHA==}
    engines: {node: '>= 0.6'}

  cross-spawn@7.0.3:
    resolution: {integrity: sha512-iRDPJKUPVEND7dHPO8rkbOnPpyDygcDFtWjpeWNCgy8WP2rXcxXL8TskReQl6OrB2G7+UJrags1q15Fudc7G6w==}
    engines: {node: '>= 8'}

  d@1.0.2:
    resolution: {integrity: sha512-MOqHvMWF9/9MX6nza0KgvFH4HpMU0EF5uUDXqX/BtxtU8NfB0QzRtJ8Oe/6SuS4kbhyzVJwjd97EA4PKrzJ8bw==}
    engines: {node: '>=0.12'}

  debug@2.6.9:
    resolution: {integrity: sha512-bC7ElrdJaJnPbAP+1EotYvqZsb3ecl5wi6Bfi6BJTUcNowp6cvspg0jXznRTKDjm/E7AdgFBVeAPVMNcKGsHMA==}
    peerDependencies:
      supports-color: '*'
    peerDependenciesMeta:
      supports-color:
        optional: true

  debug@4.3.7:
    resolution: {integrity: sha512-Er2nc/H7RrMXZBFCEim6TCmMk02Z8vLC2Rbi1KEBggpo0fS6l0S1nnapwmIi3yW/+GOJap1Krg4w0Hg80oCqgQ==}
    engines: {node: '>=6.0'}
    peerDependencies:
      supports-color: '*'
    peerDependenciesMeta:
      supports-color:
        optional: true

  default-browser-id@3.0.0:
    resolution: {integrity: sha512-OZ1y3y0SqSICtE8DE4S8YOE9UZOJ8wO16fKWVP5J1Qz42kV9jcnMVFrEE/noXb/ss3Q4pZIH79kxofzyNNtUNA==}
    engines: {node: '>=12'}

  default-browser@4.0.0:
    resolution: {integrity: sha512-wX5pXO1+BrhMkSbROFsyxUm0i/cJEScyNhA4PPxc41ICuv05ZZB/MX28s8aZx6xjmatvebIapF6hLEKEcpneUA==}
    engines: {node: '>=14.16'}

  define-lazy-prop@3.0.0:
    resolution: {integrity: sha512-N+MeXYoqr3pOgn8xfyRPREN7gHakLYjhsHhWGT3fWAiL4IkAt0iDw14QiiEm2bE30c5XX5q0FtAA3CK5f9/BUg==}
    engines: {node: '>=12'}

  dotenv@16.4.5:
    resolution: {integrity: sha512-ZmdL2rui+eB2YwhsWzjInR8LldtZHGDoQ1ugH85ppHKwpUHL7j7rN0Ti9NCnGiQbhaZ11FpR+7ao1dNsmduNUg==}
    engines: {node: '>=12'}

  es5-ext@0.10.64:
    resolution: {integrity: sha512-p2snDhiLaXe6dahss1LddxqEm+SkuDvV8dnIQG0MWjyHpcMNfXKPE+/Cc0y+PhxJX3A4xGNeFCj5oc0BUh6deg==}
    engines: {node: '>=0.10'}

  es6-iterator@2.0.3:
    resolution: {integrity: sha512-zw4SRzoUkd+cl+ZoE15A9o1oQd920Bb0iOJMQkQhl3jNc03YqVjAhG7scf9C5KWRU/R13Orf588uCC6525o02g==}

  es6-symbol@3.1.4:
    resolution: {integrity: sha512-U9bFFjX8tFiATgtkJ1zg25+KviIXpgRvRHS8sau3GfhVzThRQrOeksPeT0BWW2MNZs1OEWJ1DPXOQMn0KKRkvg==}
    engines: {node: '>=0.12'}

  esbuild@0.21.5:
    resolution: {integrity: sha512-mg3OPMV4hXywwpoDxu3Qda5xCKQi+vCTZq8S9J/EpkhB2HzKXq4SNFZE3+NK93JYxc8VMSep+lOUSC/RVKaBqw==}
    engines: {node: '>=12'}
    hasBin: true

  esniff@2.0.1:
    resolution: {integrity: sha512-kTUIGKQ/mDPFoJ0oVfcmyJn4iBDRptjNVIzwIFR7tqWXdVI9xfA2RMwY/gbSpJG3lkdWNEjLap/NqVHZiJsdfg==}
    engines: {node: '>=0.10'}

  estree-walker@2.0.2:
    resolution: {integrity: sha512-Rfkk/Mp/DL7JVje3u18FxFujQlTNR2q6QfMSMB7AvCBx91NGj/ba3kCfza0f6dVDbw7YlRf/nDrn7pQrCCyQ/w==}

  event-emitter@0.3.5:
    resolution: {integrity: sha512-D9rRn9y7kLPnJ+hMq7S/nhvoKwwvVJahBi2BPmx3bvbsEdK3W9ii8cBSGjP+72/LnM4n6fo3+dkCX5FeTQruXA==}

  execa@5.1.1:
    resolution: {integrity: sha512-8uSpZZocAZRBAPIEINJj3Lo9HyGitllczc27Eh5YYojjMFMn8yHMDMaUHE2Jqfq05D/wucwI4JGURyXt1vchyg==}
    engines: {node: '>=10'}

  execa@7.2.0:
    resolution: {integrity: sha512-UduyVP7TLB5IcAQl+OzLyLcS/l32W/GLg+AhHJ+ow40FOk2U3SAllPwR44v4vmdFwIWqpdwxxpQbF1n5ta9seA==}
    engines: {node: ^14.18.0 || ^16.14.0 || >=18.0.0}

  ext@1.7.0:
    resolution: {integrity: sha512-6hxeJYaL110a9b5TEJSj0gojyHQAmA2ch5Os+ySCiA1QGdS697XWY1pzsrSjqA9LDEEgdB/KypIlR59RcLuHYw==}

  fast-url-parser@1.1.3:
    resolution: {integrity: sha512-5jOCVXADYNuRkKFzNJ0dCCewsZiYo0dz8QNYljkOpFC6r2U4OBmKtvm/Tsuh4w1YYdDqDb31a8TVhBJ2OJKdqQ==}

  fsevents@2.3.3:
    resolution: {integrity: sha512-5xoDfX+fL7faATnagmWPpbFtwh/R77WmMMqqHGS65C3vvB0YHrgF+B1YmZ3441tMj5n63k0212XNoJwzlhffQw==}
    engines: {node: ^8.16.0 || ^10.6.0 || >=11.0.0}
    os: [darwin]

  get-port@7.0.0:
    resolution: {integrity: sha512-mDHFgApoQd+azgMdwylJrv2DX47ywGq1i5VFJE7fZ0dttNq3iQMfsU4IvEgBHojA3KqEudyu7Vq+oN8kNaNkWw==}
    engines: {node: '>=16'}

  get-stream@6.0.1:
    resolution: {integrity: sha512-ts6Wi+2j3jQjqi70w5AlN8DFnkSwC+MqmxEzdEALB2qXZYV3X/b1CTfgPLGJNMeAWxdPfU8FO1ms3NUfaHCPYg==}
    engines: {node: '>=10'}

  human-signals@2.1.0:
    resolution: {integrity: sha512-B4FFZ6q/T2jhhksgkbEW3HBvWIfDW85snkQgawt07S7J5QXTk6BkNV+0yAeZrM5QpMAdYlocGoljn0sJ/WQkFw==}
    engines: {node: '>=10.17.0'}

  human-signals@4.3.1:
    resolution: {integrity: sha512-nZXjEF2nbo7lIw3mgYjItAfgQXog3OjJogSbKa2CQIIvSGWcKgeJnQlNXip6NglNzYH45nSRiEVimMvYL8DDqQ==}
    engines: {node: '>=14.18.0'}

  is-docker@2.2.1:
    resolution: {integrity: sha512-F+i2BKsFrH66iaUFc0woD8sLy8getkwTwtOBjvs56Cx4CgJDeKQeqfz8wAYiSb8JOprWhHH5p77PbmYCvvUuXQ==}
    engines: {node: '>=8'}
    hasBin: true

  is-docker@3.0.0:
    resolution: {integrity: sha512-eljcgEDlEns/7AXFosB5K/2nCM4P7FQPkGc/DWLy5rmFEWvZayGrik1d9/QIY5nJ4f9YsVvBkA6kJpHn9rISdQ==}
    engines: {node: ^12.20.0 || ^14.13.1 || >=16.0.0}
    hasBin: true

  is-inside-container@1.0.0:
    resolution: {integrity: sha512-KIYLCCJghfHZxqjYBE7rEy0OBuTd5xCHS7tHVgvCLkx7StIoaxwNW3hCALgEUjFfeRk+MG/Qxmp/vtETEF3tRA==}
    engines: {node: '>=14.16'}
    hasBin: true

  is-stream@2.0.1:
    resolution: {integrity: sha512-hFoiJiTl63nn+kstHGBtewWSKnQLpyb155KHheA1l39uvtO9nWIop1p3udqPcUd/xbF1VLMO4n7OI6p7RbngDg==}
    engines: {node: '>=8'}

  is-stream@3.0.0:
    resolution: {integrity: sha512-LnQR4bZ9IADDRSkvpqMGvt/tEJWclzklNgSw48V5EAaAeDd6qGvN8ei6k5p0tvxSR171VmGyHuTiAOfxAbr8kA==}
    engines: {node: ^12.20.0 || ^14.13.1 || >=16.0.0}

  is-typedarray@1.0.0:
    resolution: {integrity: sha512-cyA56iCMHAh5CdzjJIa4aohJyeO1YbwLi3Jc35MmRU6poroFjIGZzUzupGiRPOjgHg9TLu43xbpwXk523fMxKA==}

  is-wsl@2.2.0:
    resolution: {integrity: sha512-fKzAra0rGJUUBwGBgNkHZuToZcn+TtXHpeCgmkMJMMYx1sQDYaCSyjJBSCa2nH1DGm7s3n1oBnohoVTBaN7Lww==}
    engines: {node: '>=8'}

  isexe@2.0.0:
    resolution: {integrity: sha512-RHxMLp9lnKHGHRng9QFhRCMbYAcVpn69smSGcq3f36xjgVVWThj4qqLbTLlq7Ssj8B+fIQ1EuCEGI2lKsyQeIw==}

  js-yaml@4.1.0:
    resolution: {integrity: sha512-wpxZs9NoxZaJESJGIZTyDEaYpl0FKSA+FB9aJiyemKhMwkxQg63h4T1KJgUGHpTqPDNRcmmYLugrRjJlBtWvRA==}
    hasBin: true

  magic-string@0.30.11:
    resolution: {integrity: sha512-+Wri9p0QHMy+545hKww7YAu5NyzF8iomPL/RQazugQ9+Ez4Ic3mERMd8ZTX5rfK944j+560ZJi8iAwgak1Ac7A==}

  merge-stream@2.0.0:
    resolution: {integrity: sha512-abv/qOcuPfk3URPfDzmZU1LKmuw8kT+0nIHvKrKgFrwifol/doWcdA4ZqsWQ8ENrFKkd67Mfpo/LovbIUsbt3w==}

  mime-db@1.33.0:
    resolution: {integrity: sha512-BHJ/EKruNIqJf/QahvxwQZXKygOQ256myeN/Ew+THcAa5q+PjyTTMMeNQC4DZw5AwfvelsUrA6B67NKMqXDbzQ==}
    engines: {node: '>= 0.6'}

  mime-types@2.1.18:
    resolution: {integrity: sha512-lc/aahn+t4/SWV/qcmumYjymLsWfN3ELhpmVuUFjgsORruuZPVSwAQryq+HHGvO/SI2KVX26bx+En+zhM8g8hQ==}
    engines: {node: '>= 0.6'}

  mimic-fn@2.1.0:
    resolution: {integrity: sha512-OqbOk5oEQeAZ8WXWydlu9HJjz9WVdEIvamMCcXmuqUYjTknH/sqsWvhQ3vgwKFRR1HpjvNBKQ37nbJgYzGqGcg==}
    engines: {node: '>=6'}

  mimic-fn@4.0.0:
    resolution: {integrity: sha512-vqiC06CuhBTUdZH+RYl8sFrL096vA45Ok5ISO6sE/Mr1jRbGH4Csnhi8f3wKVl7x8mO4Au7Ir9D3Oyv1VYMFJw==}
    engines: {node: '>=12'}

  minimatch@3.1.2:
    resolution: {integrity: sha512-J7p63hRiAjw1NDEww1W7i37+ByIrOWO5XQQAzZ3VOcL0PNybwpfmV/N05zFAzwQ9USyEcX6t3UO+K5aqBQOIHw==}

  ms@2.0.0:
    resolution: {integrity: sha512-Tpp60P6IUJDTuOq/5Z8cdskzJujfwqfOTkrwIwj7IRISpnkJnT6SyJ4PCPnGMoFjC9ddhal5KVIYtAt97ix05A==}

  ms@2.1.3:
    resolution: {integrity: sha512-6FlzubTLZG3J2a/NVCAleEhjzq5oxgHyaCU9yYXvcLsvoVaHJq/s5xXI6/XXP6tz7R9xAOtHnSO/tXtF3WRTlA==}

  nanoid@3.3.7:
    resolution: {integrity: sha512-eSRppjcPIatRIMC1U6UngP8XFcz8MQWGQdt1MTBQ7NaAmvXDfvNxbvWV3x2y6CdEUciCSsDHDQZbhYaB8QEo2g==}
    engines: {node: ^10 || ^12 || ^13.7 || ^14 || >=15.0.1}
    hasBin: true

  next-tick@1.1.0:
    resolution: {integrity: sha512-CXdUiJembsNjuToQvxayPZF9Vqht7hewsvy2sOWafLvi2awflj9mOC6bHIg50orX8IJvWKY9wYQ/zB2kogPslQ==}

  node-gyp-build@4.8.1:
    resolution: {integrity: sha512-OSs33Z9yWr148JZcbZd5WiAXhh/n9z8TxQcdMhIOlpN9AhWpLfvVFO73+m77bBABQMaY9XSvIa+qk0jlI7Gcaw==}
    hasBin: true

  npm-run-path@4.0.1:
    resolution: {integrity: sha512-S48WzZW777zhNIrn7gxOlISNAqi9ZC/uQFnRdbeIHhZhCA6UqpkOT8T1G7BvfdgP4Er8gF4sUbaS0i7QvIfCWw==}
    engines: {node: '>=8'}

  npm-run-path@5.3.0:
    resolution: {integrity: sha512-ppwTtiJZq0O/ai0z7yfudtBpWIoxM8yE6nHi1X47eFR2EWORqfbu6CnPlNsjeN683eT0qG6H/Pyf9fCcvjnnnQ==}
    engines: {node: ^12.20.0 || ^14.13.1 || >=16.0.0}

  onetime@5.1.2:
    resolution: {integrity: sha512-kbpaSSGJTWdAY5KPVeMOKXSrPtr8C8C7wodJbcsd51jRnmD+GZu8Y0VoU6Dm5Z4vWr0Ig/1NKuWRKf7j5aaYSg==}
    engines: {node: '>=6'}

  onetime@6.0.0:
    resolution: {integrity: sha512-1FlR+gjXK7X+AsAHso35MnyN5KqGwJRi/31ft6x0M194ht7S+rWAvd7PHss9xSKMzE0asv1pyIHaJYq+BbacAQ==}
    engines: {node: '>=12'}

  open@9.1.0:
    resolution: {integrity: sha512-OS+QTnw1/4vrf+9hh1jc1jnYjzSG4ttTBB8UxOwAnInG3Uo4ssetzC1ihqaIHjLJnA5GGlRl6QlZXOTQhRBUvg==}
    engines: {node: '>=14.16'}

  path-is-inside@1.0.2:
    resolution: {integrity: sha512-DUWJr3+ULp4zXmol/SZkFf3JGsS9/SIv+Y3Rt93/UjPpDpklB5f1er4O3POIbUuUJ3FXgqte2Q7SrU6zAqwk8w==}

  path-key@3.1.1:
    resolution: {integrity: sha512-ojmeN0qd+y0jszEtoY48r0Peq5dwMEkIlCOu6Q5f41lfkswXuKtYrhgoTpLnyIcHm24Uhqx+5Tqm2InSwLhE6Q==}
    engines: {node: '>=8'}

  path-key@4.0.0:
    resolution: {integrity: sha512-haREypq7xkM7ErfgIyA0z+Bj4AGKlMSdlQE2jvJo6huWD1EdkKYV+G/T4nq0YEF2vgTT8kqMFKo1uHn950r4SQ==}
    engines: {node: '>=12'}

  path-to-regexp@2.2.1:
    resolution: {integrity: sha512-gu9bD6Ta5bwGrrU8muHzVOBFFREpp2iRkVfhBJahwJ6p6Xw20SjT0MxLnwkjOibQmGSYhiUnf2FLe7k+jcFmGQ==}

  picocolors@1.0.0:
    resolution: {integrity: sha512-1fygroTLlHu66zi26VoTDv8yRgm0Fccecssto+MhsZ0D/DGW2sm8E8AjW7NU5VVTRt5GxbeZ5qBuJr+HyLYkjQ==}

  picocolors@1.0.1:
    resolution: {integrity: sha512-anP1Z8qwhkbmu7MFP5iTt+wQKXgwzf7zTyGlcdzabySa9vd0Xt392U0rVmz9poOaBj0uHJKyyo9/upk0HrEQew==}

  picomatch@2.3.1:
    resolution: {integrity: sha512-JU3teHTNjmE2VCGFzuY8EXzCDVwEqB2a8fsIvwaStHhAWJEeVd1o1QD80CU6+ZdEXXSLbSsuLwJjkCBWqRQUVA==}
    engines: {node: '>=8.6'}

  postcss@8.4.41:
    resolution: {integrity: sha512-TesUflQ0WKZqAvg52PWL6kHgLKP6xB6heTOdoYM0Wt2UHyxNa4K25EZZMgKns3BH1RLVbZCREPpLY0rhnNoHVQ==}
    engines: {node: ^10 || ^12 || >=14}

  punycode@1.4.1:
    resolution: {integrity: sha512-jmYNElW7yvO7TV33CjSmvSiE2yco3bV2czu/OzDKdMNVZQWfxCblURLhf+47syQRBntjfLdd/H0egrzIG+oaFQ==}

  range-parser@1.2.0:
    resolution: {integrity: sha512-kA5WQoNVo4t9lNx2kQNFCxKeBl5IbbSNBl1M/tLkw9WCn+hxNBAW5Qh8gdhs63CJnhjJ2zQWFoqPJP2sK1AV5A==}
    engines: {node: '>= 0.6'}

  rolldown@0.13.2:
    resolution: {integrity: sha512-vIWIgy7LR82EU/Gv8/iUJOT6Kq/o/72mv0DEYJAlkmOTABN5S9DkWgScDUzy1s0gLiFzh220qRNfWYTdKaZ8IQ==}
    hasBin: true

  rollup-plugin-dotenv@0.5.1:
    resolution: {integrity: sha512-ARUPDmeKAw3niZ2Ajv0qKNRryIWFMW796oJSS1hNdop3HF63Vljio/QRmG6ob0aQzzVUrFq6vW1p4jOE6xDQrQ==}
    engines: {node: '>=14'}
    peerDependencies:
      rollup: ^1.20.0 || ^2.0.0 || ^3.0.0 || ^4.0.0

  rollup-plugin-userscript-metablock@0.4.2:
    resolution: {integrity: sha512-d4QDmiwcMO8guzJdXBA1+nADOTUaADovIcZdBDpHJ/L11yRKyvXmcYdZ5CcwT5k94+5dkz6CplBOb7mQvZwoMQ==}

  rollup@4.21.0:
    resolution: {integrity: sha512-vo+S/lfA2lMS7rZ2Qoubi6I5hwZwzXeUIctILZLbHI+laNtvhhOIon2S1JksA5UEDQ7l3vberd0fxK44lTYjbQ==}
    engines: {node: '>=18.0.0', npm: '>=8.0.0'}
    hasBin: true

  run-applescript@5.0.0:
    resolution: {integrity: sha512-XcT5rBksx1QdIhlFOCtgZkB99ZEouFZ1E2Kc2LHqNW13U3/74YGdkQRmThTwxy4QIyookibDKYZOPqX//6BlAg==}
    engines: {node: '>=12'}

  semver@7.6.3:
    resolution: {integrity: sha512-oVekP1cKtI+CTDvHWYFUcMtsK/00wmAEfyqKfNdARm8u1wNVhSgaX7A8d4UuIlUI5e84iEwOhs7ZPYRmzU9U6A==}
    engines: {node: '>=10'}
    hasBin: true

  serve-handler@6.1.5:
    resolution: {integrity: sha512-ijPFle6Hwe8zfmBxJdE+5fta53fdIY0lHISJvuikXB3VYFafRjMRpOffSPvCYsbKyBA7pvy9oYr/BT1O3EArlg==}

  shebang-command@2.0.0:
    resolution: {integrity: sha512-kHxr2zZpYtdmrN1qDjrrX/Z1rR1kG8Dx+gkpK1G4eXmvXswmcE1hTWBWYUzlraYw1/yZp6YuDY77YtvbN0dmDA==}
    engines: {node: '>=8'}

  shebang-regex@3.0.0:
    resolution: {integrity: sha512-7++dFhtcx3353uBaq8DDR4NuxBetBzC7ZQOhmTQInHEd6bSrXdiEyzCvG07Z44UYdLShWUyXt5M/yhz8ekcb1A==}
    engines: {node: '>=8'}

  signal-exit@3.0.7:
    resolution: {integrity: sha512-wnD2ZE+l+SPC/uoS0vXeE9L1+0wuaMqKlfz9AMUo38JsyLSBWSFcHR1Rri62LZc12vLr1gb3jl7iwQhgwpAbGQ==}

  source-map-js@1.2.0:
    resolution: {integrity: sha512-itJW8lvSA0TXEphiRoawsCksnlf8SyvmFzIhltqAHluXd88pkCd+cXJVHTDwdCr0IzwptSm035IHQktUu1QUMg==}
    engines: {node: '>=0.10.0'}

  strip-final-newline@2.0.0:
    resolution: {integrity: sha512-BrpvfNAE3dcvq7ll3xVumzjKjZQ5tI1sEUIKr3Uoks0XUl45St3FlatVqef9prk4jRDzhW6WZg+3bk93y6pLjA==}
    engines: {node: '>=6'}

  strip-final-newline@3.0.0:
    resolution: {integrity: sha512-dOESqjYr96iWYylGObzd39EuNTa5VJxyvVAEm5Jnh7KGo75V43Hk1odPQkNDyXNmUR6k+gEiDVXnjB8HJ3crXw==}
    engines: {node: '>=12'}

  titleize@3.0.0:
    resolution: {integrity: sha512-KxVu8EYHDPBdUYdKZdKtU2aj2XfEx9AfjXxE/Aj0vT06w2icA09Vus1rh6eSu1y01akYg6BjIK/hxyLJINoMLQ==}
    engines: {node: '>=12'}

  tslib@2.7.0:
    resolution: {integrity: sha512-gLXCKdN1/j47AiHiOkJN69hJmcbGTHI0ImLmbYLHykhgeN0jVGola9yVjFgzCUklsZQMW55o+dW7IXv3RCXDzA==}

  type@2.7.3:
    resolution: {integrity: sha512-8j+1QmAbPvLZow5Qpi6NCaN8FB60p/6x8/vfNqOk/hC+HuvFZhL4+WfekuhQLiqFZXOgQdrs3B+XxEmCc6b3FQ==}

  typedarray-to-buffer@3.1.5:
    resolution: {integrity: sha512-zdu8XMNEDepKKR+XYOXAVPtWui0ly0NtohUscw+UmaHiAWT8hrV1rr//H6V+0DvJ3OQ19S979M0laLfX8rm82Q==}

  typescript@5.5.4:
    resolution: {integrity: sha512-Mtq29sKDAEYP7aljRgtPOpTvOfbwRWlS6dPRzwjdE+C0R4brX/GUyhHSecbHMFLNBLcJIPt9nl9yG5TZ1weH+Q==}
    engines: {node: '>=14.17'}
    hasBin: true

  undici-types@6.19.8:
    resolution: {integrity: sha512-ve2KP6f/JnbPBFyobGHuerC9g1FYGn/F8n1LWTwNxCEzd6IfqTwUQcNXgEtmmQ6DlRrC1hrSrBnCZPokRrDHjw==}

  untildify@4.0.0:
    resolution: {integrity: sha512-KK8xQ1mkzZeg9inewmFVDNkg3l5LUhoq9kN6iWYB/CC9YMG8HA+c1Q8HwDe6dEX7kErrEVNVBO3fWsVq5iDgtw==}
    engines: {node: '>=8'}

  utf-8-validate@5.0.10:
    resolution: {integrity: sha512-Z6czzLq4u8fPOyx7TU6X3dvUZVvoJmxSQ+IcrlmagKhilxlhZgxPK6C5Jqbkw1IDUmFTM+cz9QDnnLTwDz/2gQ==}
    engines: {node: '>=6.14.2'}

  vite-userscript-plugin@1.10.0:
    resolution: {integrity: sha512-m/EYh/rmErirZWPwgnsvc1/jCMdsfdH93x3ON/sXYjWLvnyOJhPtBPtW/le//BzGuL3i1PpD/SkpUFExlBQc3w==}
    peerDependencies:
      vite: '>=3.0.0'

  vite@5.4.2:
    resolution: {integrity: sha512-dDrQTRHp5C1fTFzcSaMxjk6vdpKvT+2/mIdE07Gw2ykehT49O0z/VHS3zZ8iV/Gh8BJJKHWOe5RjaNrW5xf/GA==}
    engines: {node: ^18.0.0 || >=20.0.0}
    hasBin: true
    peerDependencies:
      '@types/node': ^18.0.0 || >=20.0.0
      less: '*'
      lightningcss: ^1.21.0
      sass: '*'
      sass-embedded: '*'
      stylus: '*'
      sugarss: '*'
      terser: ^5.4.0
    peerDependenciesMeta:
      '@types/node':
        optional: true
      less:
        optional: true
      lightningcss:
        optional: true
      sass:
        optional: true
      sass-embedded:
        optional: true
      stylus:
        optional: true
      sugarss:
        optional: true
      terser:
        optional: true

  websocket@1.0.34:
    resolution: {integrity: sha512-PRDso2sGwF6kM75QykIesBijKSVceR6jL2G8NGYyq2XrItNC2P5/qL5XeR056GhA+Ly7JMFvJb9I312mJfmqnQ==}
    engines: {node: '>=4.0.0'}

  which@2.0.2:
    resolution: {integrity: sha512-BLI3Tl1TW3Pvl70l3yq3Y64i+awpwXqsGBYWkkqMtnbXgrMD+yj7rhW0kuEDxzJaYXGjEW5ogapKNMEKNMjibA==}
    engines: {node: '>= 8'}
    hasBin: true

  yaeti@0.0.6:
    resolution: {integrity: sha512-MvQa//+KcZCUkBTIC9blM+CU9J2GzuTytsOUwf2lidtvkx/6gnEp1QvJv34t9vdjhFmha/mUiNDbN0D0mJWdug==}
    engines: {node: '>=0.10.32'}

  zod@3.23.8:
    resolution: {integrity: sha512-XBx9AXhXktjUqnepgTiE5flcKIYWi/rme0Eaj+5Y0lftuGBq+jyRu/md4WnuxqgP1ubdpNCsYEYPxrzVHD8d6g==}

snapshots:

  '@emnapi/core@1.2.0':
    dependencies:
      '@emnapi/wasi-threads': 1.0.1
      tslib: 2.7.0
    optional: true

  '@emnapi/runtime@1.2.0':
    dependencies:
      tslib: 2.7.0
    optional: true

  '@emnapi/wasi-threads@1.0.1':
    dependencies:
      tslib: 2.7.0
    optional: true

  '@esbuild/aix-ppc64@0.21.5':
    optional: true

  '@esbuild/android-arm64@0.21.5':
    optional: true

  '@esbuild/android-arm@0.21.5':
    optional: true

  '@esbuild/android-x64@0.21.5':
    optional: true

  '@esbuild/darwin-arm64@0.21.5':
    optional: true

  '@esbuild/darwin-x64@0.21.5':
    optional: true

  '@esbuild/freebsd-arm64@0.21.5':
    optional: true

  '@esbuild/freebsd-x64@0.21.5':
    optional: true

  '@esbuild/linux-arm64@0.21.5':
    optional: true

  '@esbuild/linux-arm@0.21.5':
    optional: true

  '@esbuild/linux-ia32@0.21.5':
    optional: true

  '@esbuild/linux-loong64@0.21.5':
    optional: true

  '@esbuild/linux-mips64el@0.21.5':
    optional: true

  '@esbuild/linux-ppc64@0.21.5':
    optional: true

  '@esbuild/linux-riscv64@0.21.5':
    optional: true

  '@esbuild/linux-s390x@0.21.5':
    optional: true

  '@esbuild/linux-x64@0.21.5':
    optional: true

  '@esbuild/netbsd-x64@0.21.5':
    optional: true

  '@esbuild/openbsd-x64@0.21.5':
    optional: true

  '@esbuild/sunos-x64@0.21.5':
    optional: true

  '@esbuild/win32-arm64@0.21.5':
    optional: true

  '@esbuild/win32-ia32@0.21.5':
    optional: true

  '@esbuild/win32-x64@0.21.5':
    optional: true

  '@jridgewell/sourcemap-codec@1.5.0': {}

  '@napi-rs/wasm-runtime@0.2.4':
    dependencies:
      '@emnapi/core': 1.2.0
      '@emnapi/runtime': 1.2.0
      '@tybys/wasm-util': 0.9.0
    optional: true

  '@rolldown/binding-darwin-arm64@0.13.2':
    optional: true

  '@rolldown/binding-darwin-x64@0.13.2':
    optional: true

  '@rolldown/binding-freebsd-x64@0.13.2':
    optional: true

  '@rolldown/binding-linux-arm-gnueabihf@0.13.2':
    optional: true

  '@rolldown/binding-linux-arm64-gnu@0.13.2':
    optional: true

  '@rolldown/binding-linux-arm64-musl@0.13.2':
    optional: true

  '@rolldown/binding-linux-x64-gnu@0.13.2':
    optional: true

  '@rolldown/binding-linux-x64-musl@0.13.2':
    optional: true

  '@rolldown/binding-wasm32-wasi@0.13.2':
    dependencies:
      '@napi-rs/wasm-runtime': 0.2.4
    optional: true

  '@rolldown/binding-win32-arm64-msvc@0.13.2':
    optional: true

  '@rolldown/binding-win32-ia32-msvc@0.13.2':
    optional: true

  '@rolldown/binding-win32-x64-msvc@0.13.2':
    optional: true

  '@rollup/plugin-replace@5.0.7(rollup@4.21.0)':
    dependencies:
      '@rollup/pluginutils': 5.1.2(rollup@4.21.0)
      magic-string: 0.30.11
    optionalDependencies:
      rollup: 4.21.0

  '@rollup/pluginutils@5.1.2(rollup@4.21.0)':
    dependencies:
      '@types/estree': 1.0.5
      estree-walker: 2.0.2
      picomatch: 2.3.1
    optionalDependencies:
      rollup: 4.21.0

  '@rollup/rollup-android-arm-eabi@4.21.0':
    optional: true

  '@rollup/rollup-android-arm64@4.21.0':
    optional: true

  '@rollup/rollup-darwin-arm64@4.21.0':
    optional: true

  '@rollup/rollup-darwin-x64@4.21.0':
    optional: true

  '@rollup/rollup-linux-arm-gnueabihf@4.21.0':
    optional: true

  '@rollup/rollup-linux-arm-musleabihf@4.21.0':
    optional: true

  '@rollup/rollup-linux-arm64-gnu@4.21.0':
    optional: true

  '@rollup/rollup-linux-arm64-musl@4.21.0':
    optional: true

  '@rollup/rollup-linux-powerpc64le-gnu@4.21.0':
    optional: true

  '@rollup/rollup-linux-riscv64-gnu@4.21.0':
    optional: true

  '@rollup/rollup-linux-s390x-gnu@4.21.0':
    optional: true

  '@rollup/rollup-linux-x64-gnu@4.21.0':
    optional: true

  '@rollup/rollup-linux-x64-musl@4.21.0':
    optional: true

  '@rollup/rollup-win32-arm64-msvc@4.21.0':
    optional: true

  '@rollup/rollup-win32-ia32-msvc@4.21.0':
    optional: true

  '@rollup/rollup-win32-x64-msvc@4.21.0':
    optional: true

  '@tybys/wasm-util@0.9.0':
    dependencies:
      tslib: 2.7.0
    optional: true

  '@types/estree@1.0.5': {}

  '@types/jquery@3.5.30':
    dependencies:
      '@types/sizzle': 2.3.8

  '@types/node@22.5.0':
    dependencies:
      undici-types: 6.19.8

  '@types/sizzle@2.3.8': {}

  argparse@2.0.1: {}

  balanced-match@1.0.2: {}

  big-integer@1.6.52: {}

  bplist-parser@0.2.0:
    dependencies:
      big-integer: 1.6.52

  brace-expansion@1.1.11:
    dependencies:
      balanced-match: 1.0.2
      concat-map: 0.0.1

  bufferutil@4.0.8:
    dependencies:
      node-gyp-build: 4.8.1

  bundle-name@3.0.0:
    dependencies:
      run-applescript: 5.0.0

  bytes@3.0.0: {}

  chalk@5.3.0: {}

  concat-map@0.0.1: {}

  content-disposition@0.5.2: {}

  cross-spawn@7.0.3:
    dependencies:
      path-key: 3.1.1
      shebang-command: 2.0.0
      which: 2.0.2

  d@1.0.2:
    dependencies:
      es5-ext: 0.10.64
      type: 2.7.3

  debug@2.6.9:
    dependencies:
      ms: 2.0.0

  debug@4.3.7:
    dependencies:
      ms: 2.1.3

  default-browser-id@3.0.0:
    dependencies:
      bplist-parser: 0.2.0
      untildify: 4.0.0

  default-browser@4.0.0:
    dependencies:
      bundle-name: 3.0.0
      default-browser-id: 3.0.0
      execa: 7.2.0
      titleize: 3.0.0

  define-lazy-prop@3.0.0: {}

  dotenv@16.4.5: {}

  es5-ext@0.10.64:
    dependencies:
      es6-iterator: 2.0.3
      es6-symbol: 3.1.4
      esniff: 2.0.1
      next-tick: 1.1.0

  es6-iterator@2.0.3:
    dependencies:
      d: 1.0.2
      es5-ext: 0.10.64
      es6-symbol: 3.1.4

  es6-symbol@3.1.4:
    dependencies:
      d: 1.0.2
      ext: 1.7.0

  esbuild@0.21.5:
    optionalDependencies:
      '@esbuild/aix-ppc64': 0.21.5
      '@esbuild/android-arm': 0.21.5
      '@esbuild/android-arm64': 0.21.5
      '@esbuild/android-x64': 0.21.5
      '@esbuild/darwin-arm64': 0.21.5
      '@esbuild/darwin-x64': 0.21.5
      '@esbuild/freebsd-arm64': 0.21.5
      '@esbuild/freebsd-x64': 0.21.5
      '@esbuild/linux-arm': 0.21.5
      '@esbuild/linux-arm64': 0.21.5
      '@esbuild/linux-ia32': 0.21.5
      '@esbuild/linux-loong64': 0.21.5
      '@esbuild/linux-mips64el': 0.21.5
      '@esbuild/linux-ppc64': 0.21.5
      '@esbuild/linux-riscv64': 0.21.5
      '@esbuild/linux-s390x': 0.21.5
      '@esbuild/linux-x64': 0.21.5
      '@esbuild/netbsd-x64': 0.21.5
      '@esbuild/openbsd-x64': 0.21.5
      '@esbuild/sunos-x64': 0.21.5
      '@esbuild/win32-arm64': 0.21.5
      '@esbuild/win32-ia32': 0.21.5
      '@esbuild/win32-x64': 0.21.5

  esniff@2.0.1:
    dependencies:
      d: 1.0.2
      es5-ext: 0.10.64
      event-emitter: 0.3.5
      type: 2.7.3

  estree-walker@2.0.2: {}

  event-emitter@0.3.5:
    dependencies:
      d: 1.0.2
      es5-ext: 0.10.64

  execa@5.1.1:
    dependencies:
      cross-spawn: 7.0.3
      get-stream: 6.0.1
      human-signals: 2.1.0
      is-stream: 2.0.1
      merge-stream: 2.0.0
      npm-run-path: 4.0.1
      onetime: 5.1.2
      signal-exit: 3.0.7
      strip-final-newline: 2.0.0

  execa@7.2.0:
    dependencies:
      cross-spawn: 7.0.3
      get-stream: 6.0.1
      human-signals: 4.3.1
      is-stream: 3.0.0
      merge-stream: 2.0.0
      npm-run-path: 5.3.0
      onetime: 6.0.0
      signal-exit: 3.0.7
      strip-final-newline: 3.0.0

  ext@1.7.0:
    dependencies:
      type: 2.7.3

  fast-url-parser@1.1.3:
    dependencies:
      punycode: 1.4.1

  fsevents@2.3.3:
    optional: true

  get-port@7.0.0: {}

  get-stream@6.0.1: {}

  human-signals@2.1.0: {}

  human-signals@4.3.1: {}

  is-docker@2.2.1: {}

  is-docker@3.0.0: {}

  is-inside-container@1.0.0:
    dependencies:
      is-docker: 3.0.0

  is-stream@2.0.1: {}

  is-stream@3.0.0: {}

  is-typedarray@1.0.0: {}

  is-wsl@2.2.0:
    dependencies:
      is-docker: 2.2.1

  isexe@2.0.0: {}

  js-yaml@4.1.0:
    dependencies:
      argparse: 2.0.1

  magic-string@0.30.11:
    dependencies:
      '@jridgewell/sourcemap-codec': 1.5.0

  merge-stream@2.0.0: {}

  mime-db@1.33.0: {}

  mime-types@2.1.18:
    dependencies:
      mime-db: 1.33.0

  mimic-fn@2.1.0: {}

  mimic-fn@4.0.0: {}

  minimatch@3.1.2:
    dependencies:
      brace-expansion: 1.1.11

  ms@2.0.0: {}

  ms@2.1.3: {}

  nanoid@3.3.7: {}

  next-tick@1.1.0: {}

  node-gyp-build@4.8.1: {}

  npm-run-path@4.0.1:
    dependencies:
      path-key: 3.1.1

  npm-run-path@5.3.0:
    dependencies:
      path-key: 4.0.0

  onetime@5.1.2:
    dependencies:
      mimic-fn: 2.1.0

  onetime@6.0.0:
    dependencies:
      mimic-fn: 4.0.0

  open@9.1.0:
    dependencies:
      default-browser: 4.0.0
      define-lazy-prop: 3.0.0
      is-inside-container: 1.0.0
      is-wsl: 2.2.0

  path-is-inside@1.0.2: {}

  path-key@3.1.1: {}

  path-key@4.0.0: {}

  path-to-regexp@2.2.1: {}

  picocolors@1.0.0: {}

  picocolors@1.0.1: {}

  picomatch@2.3.1: {}

  postcss@8.4.41:
    dependencies:
      nanoid: 3.3.7
      picocolors: 1.0.1
      source-map-js: 1.2.0

  punycode@1.4.1: {}

  range-parser@1.2.0: {}

  rolldown@0.13.2:
    dependencies:
      zod: 3.23.8
    optionalDependencies:
      '@rolldown/binding-darwin-arm64': 0.13.2
      '@rolldown/binding-darwin-x64': 0.13.2
      '@rolldown/binding-freebsd-x64': 0.13.2
      '@rolldown/binding-linux-arm-gnueabihf': 0.13.2
      '@rolldown/binding-linux-arm64-gnu': 0.13.2
      '@rolldown/binding-linux-arm64-musl': 0.13.2
      '@rolldown/binding-linux-x64-gnu': 0.13.2
      '@rolldown/binding-linux-x64-musl': 0.13.2
      '@rolldown/binding-wasm32-wasi': 0.13.2
      '@rolldown/binding-win32-arm64-msvc': 0.13.2
      '@rolldown/binding-win32-ia32-msvc': 0.13.2
      '@rolldown/binding-win32-x64-msvc': 0.13.2

  rollup-plugin-dotenv@0.5.1(rollup@4.21.0):
    dependencies:
      '@rollup/plugin-replace': 5.0.7(rollup@4.21.0)
      dotenv: 16.4.5
      rollup: 4.21.0

  rollup-plugin-userscript-metablock@0.4.2:
    dependencies:
      chalk: 5.3.0
      debug: 4.3.7
      js-yaml: 4.1.0
      magic-string: 0.30.11
      semver: 7.6.3
    transitivePeerDependencies:
      - supports-color

  rollup@4.21.0:
    dependencies:
      '@types/estree': 1.0.5
    optionalDependencies:
      '@rollup/rollup-android-arm-eabi': 4.21.0
      '@rollup/rollup-android-arm64': 4.21.0
      '@rollup/rollup-darwin-arm64': 4.21.0
      '@rollup/rollup-darwin-x64': 4.21.0
      '@rollup/rollup-linux-arm-gnueabihf': 4.21.0
      '@rollup/rollup-linux-arm-musleabihf': 4.21.0
      '@rollup/rollup-linux-arm64-gnu': 4.21.0
      '@rollup/rollup-linux-arm64-musl': 4.21.0
      '@rollup/rollup-linux-powerpc64le-gnu': 4.21.0
      '@rollup/rollup-linux-riscv64-gnu': 4.21.0
      '@rollup/rollup-linux-s390x-gnu': 4.21.0
      '@rollup/rollup-linux-x64-gnu': 4.21.0
      '@rollup/rollup-linux-x64-musl': 4.21.0
      '@rollup/rollup-win32-arm64-msvc': 4.21.0
      '@rollup/rollup-win32-ia32-msvc': 4.21.0
      '@rollup/rollup-win32-x64-msvc': 4.21.0
      fsevents: 2.3.3

  run-applescript@5.0.0:
    dependencies:
      execa: 5.1.1

  semver@7.6.3: {}

  serve-handler@6.1.5:
    dependencies:
      bytes: 3.0.0
      content-disposition: 0.5.2
      fast-url-parser: 1.1.3
      mime-types: 2.1.18
      minimatch: 3.1.2
      path-is-inside: 1.0.2
      path-to-regexp: 2.2.1
      range-parser: 1.2.0

  shebang-command@2.0.0:
    dependencies:
      shebang-regex: 3.0.0

  shebang-regex@3.0.0: {}

  signal-exit@3.0.7: {}

  source-map-js@1.2.0: {}

  strip-final-newline@2.0.0: {}

  strip-final-newline@3.0.0: {}

  titleize@3.0.0: {}

  tslib@2.7.0:
    optional: true

  type@2.7.3: {}

  typedarray-to-buffer@3.1.5:
    dependencies:
      is-typedarray: 1.0.0

  typescript@5.5.4: {}

  undici-types@6.19.8: {}

  untildify@4.0.0: {}

  utf-8-validate@5.0.10:
    dependencies:
      node-gyp-build: 4.8.1

  vite-userscript-plugin@1.10.0(vite@5.4.2(@types/node@22.5.0)):
    dependencies:
      get-port: 7.0.0
      open: 9.1.0
      picocolors: 1.0.0
      serve-handler: 6.1.5
      vite: 5.4.2(@types/node@22.5.0)
      websocket: 1.0.34
    transitivePeerDependencies:
      - supports-color

  vite@5.4.2(@types/node@22.5.0):
    dependencies:
      esbuild: 0.21.5
      postcss: 8.4.41
      rollup: 4.21.0
    optionalDependencies:
      '@types/node': 22.5.0
      fsevents: 2.3.3

  websocket@1.0.34:
    dependencies:
      bufferutil: 4.0.8
      debug: 2.6.9
      es5-ext: 0.10.64
      typedarray-to-buffer: 3.1.5
      utf-8-validate: 5.0.10
      yaeti: 0.0.6
    transitivePeerDependencies:
      - supports-color

  which@2.0.2:
    dependencies:
      isexe: 2.0.0

  yaeti@0.0.6: {}

  zod@3.23.8: {}
