{
  "version": "3",
  "packages": {
    "specifiers": {
      "jsr:@c4spar/mock-fetch": "jsr:@c4spar/mock-fetch@1.0.0",
      "jsr:@hono/hono": "jsr:@hono/hono@4.5.10",
      "jsr:@std/assert@^1.0.4": "jsr:@std/assert@1.0.4",
      "jsr:@std/assert@~0.225.2": "jsr:@std/assert@0.225.3",
      "jsr:@std/expect": "jsr:@std/expect@1.0.2",
      "jsr:@std/fmt@^1.0.2": "jsr:@std/fmt@1.0.2",
      "jsr:@std/fs@^1.0.3": "jsr:@std/fs@1.0.3",
      "jsr:@std/internal@^1.0.3": "jsr:@std/internal@1.0.3",
      "jsr:@std/io@^0.224.7": "jsr:@std/io@0.224.7",
      "jsr:@std/log": "jsr:@std/log@0.224.7",
      "jsr:@std/testing": "jsr:@std/testing@1.0.2",
      "npm:@sinonjs/fake-timers": "npm:@sinonjs/fake-timers@13.0.1",
      "npm:@types/node": "npm:@types/node@18.16.19",
      "npm:@types/sinonjs__fake-timers": "npm:@types/sinonjs__fake-timers@8.1.5",
      "npm:hono": "npm:hono@4.5.10",
      "npm:ts-pattern": "npm:ts-pattern@5.3.1"
    },
    "jsr": {
      "@c4spar/mock-fetch@1.0.0": {
        "integrity": "f25d3ff42b3785dfe307459857eef360c32c8f2106597c98a2cef627bad0c7f7",
        "dependencies": [
          "jsr:@std/assert@~0.225.2"
        ]
      },
      "@hono/hono@4.5.10": {
        "integrity": "801fe47e233b53480322f7a17c621ceb5e9b4335e5fdc14cfc0c7696e8396c34"
      },
      "@std/assert@0.225.3": {
        "integrity": "b3c2847aecf6955b50644cdb9cf072004ea3d1998dd7579fc0acb99dbb23bd4f"
      },
      "@std/assert@1.0.4": {
        "integrity": "d4c767ea578e5bc09c15b6e503376003e5b2d1f4c0cdf08524a92101ff4d7b96",
        "dependencies": [
          "jsr:@std/internal@^1.0.3"
        ]
      },
      "@std/expect@1.0.2": {
        "integrity": "37d5162eb1d30505e09f77f3fabbf6cde1e81ed0e72d2371cddbce1173eb86b4",
        "dependencies": [
          "jsr:@std/assert@^1.0.4",
          "jsr:@std/internal@^1.0.3"
        ]
      },
      "@std/fmt@1.0.2": {
        "integrity": "87e9dfcdd3ca7c066e0c3c657c1f987c82888eb8103a3a3baa62684ffeb0f7a7"
      },
      "@std/fs@1.0.3": {
        "integrity": "3cb839b1360b0a42d8b367c3093bfe4071798e6694fa44cf1963e04a8edba4fe"
      },
      "@std/internal@1.0.3": {
        "integrity": "208e9b94a3d5649bd880e9ca38b885ab7651ab5b5303a56ed25de4755fb7b11e"
      },
      "@std/io@0.224.7": {
        "integrity": "a70848793c44a7c100926571a8c9be68ba85487bfcd4d0540d86deabe1123dc9"
      },
      "@std/log@0.224.7": {
        "integrity": "021941e5cd16de60cb11599c9b36f892aea95987fe66c753922808da27909e18",
        "dependencies": [
          "jsr:@std/fmt@^1.0.2",
          "jsr:@std/fs@^1.0.3",
          "jsr:@std/io@^0.224.7"
        ]
      },
      "@std/testing@1.0.2": {
        "integrity": "9e8a7f4e26c219addabe7942d09c3450fa0a74e9662341961bc0ef502274dec3"
      }
    },
    "npm": {
      "@sinonjs/commons@3.0.1": {
        "integrity": "sha512-K3mCHKQ9sVh8o1C9cxkwxaOmXoAMlDxC1mYyHrjqOWEcBjYr76t96zL2zlj5dUGZ3HSw240X1qgH3Mjf1yJWpQ==",
        "dependencies": {
          "type-detect": "type-detect@4.0.8"
        }
      },
      "@sinonjs/fake-timers@13.0.1": {
        "integrity": "sha512-ZEbLYOvZQHccQJzbg2E5r+/Mdjb6BMdjToL4r8WwUw0VTjTnyY3gCnwLeiovcXI3/Uo25exmqmiwsjL/eE/rSg==",
        "dependencies": {
          "@sinonjs/commons": "@sinonjs/commons@3.0.1"
        }
      },
      "@types/node@18.16.19": {
        "integrity": "sha512-IXl7o+R9iti9eBW4Wg2hx1xQDig183jj7YLn8F7udNceyfkbn1ZxmzZXuak20gR40D7pIkIY1kYGx5VIGbaHKA==",
        "dependencies": {}
      },
      "@types/sinonjs__fake-timers@8.1.5": {
        "integrity": "sha512-mQkU2jY8jJEF7YHjHvsQO8+3ughTL1mcnn96igfhONmR+fUPSKIkefQYpSe8bsly2Ep7oQbn/6VG5/9/0qcArQ==",
        "dependencies": {}
      },
      "hono@4.5.10": {
        "integrity": "sha512-az6tdU1U8o/l0v8O37FIQuc+ER/TeD9vHt/qs8JnBDgMxw6Zu5L2AixUyHeXZNcu87r7iYo8Ey85R7IogOINKA==",
        "dependencies": {}
      },
      "ts-pattern@5.3.1": {
        "integrity": "sha512-1RUMKa8jYQdNfmnK4jyzBK3/PS/tnjcZ1CW0v1vWDeYe5RBklc/nquw03MEoB66hVBm4BnlCfmOqDVxHyT1DpA==",
        "dependencies": {}
      },
      "type-detect@4.0.8": {
        "integrity": "sha512-0fr/mIH1dlO+x7TlcMy+bIDqKPsw/70tVyeHW787goQjhmqaZe10uwLujubK9q9Lg6Fiho1KUKDYz0Z7k7g5/g==",
        "dependencies": {}
      }
    }
  },
  "remote": {
    "https://deno.land/std@0.221.0/encoding/_util.ts": "beacef316c1255da9bc8e95afb1fa56ed69baef919c88dc06ae6cb7a6103d376",
    "https://deno.land/std@0.221.0/encoding/base64.ts": "8ccae67a1227b875340a8582ff707f37b131df435b07080d3bb58e07f5f97807",
    "https://deno.land/std@0.221.0/encoding/base64url.ts": "9cc46cf510436be63ac00ebf97a7de1993e603ca58e1853b344bf90d80ea9945",
    "https://deno.land/x/djwt@v3.0.2/algorithm.ts": "b1c6645f9dbd6e6c47c123a3b18c28b956f91c65ed17f5b6d5d968fc3750542b",
    "https://deno.land/x/djwt@v3.0.2/deps.ts": "a7954fe567f2097b4f6aca11d091b6df658e485a817ac4dee47257ed5c28fd6e",
    "https://deno.land/x/djwt@v3.0.2/mod.ts": "962d8f2c4d6a4db111f45d777b152356aec31ba7db0ca664601175a422629857",
    "https://deno.land/x/djwt@v3.0.2/signature.ts": "16238fbf558267c85dd6c0178045f006c8b914a7301db87149f3318326569272",
    "https://deno.land/x/djwt@v3.0.2/util.ts": "5cb264d2125c553678e11446bcfa0494025d120e3f59d0a3ab38f6800def697d"
  }
}
